
Microsoft Visual Studio Solution File, Format Version 12.00
# Visual Studio Version 17
VisualStudioVersion = 17.10.35122.118
MinimumVisualStudioVersion = 10.0.40219.1
Project("{9A19103F-16F7-4668-BE54-9A1E7A4F7556}") = "PocSQLLite", "PocSQLLite\PocSQLLite.csproj", "{2D5AFD42-430A-45C7-8195-A5900C98E237}"
EndProject
Project("{9A19103F-16F7-4668-BE54-9A1E7A4F7556}") = "dataConnect.AISsellcom.Pad.SiaqodbSyncProvider", "dataConnect.AISsellcom.Pad.SiaqodbSyncProvider\dataConnect.AISsellcom.Pad.SiaqodbSyncProvider.csproj", "{4A76B6B9-EF1D-467E-948F-CD7B07AD4063}"
EndProject
Global
	GlobalSection(SolutionConfigurationPlatforms) = preSolution
		Debug|Any CPU = Debug|Any CPU
		Release|Any CPU = Release|Any CPU
	EndGlobalSection
	GlobalSection(ProjectConfigurationPlatforms) = postSolution
		{2D5AFD42-430A-45C7-8195-A5900C98E237}.Debug|Any CPU.ActiveCfg = Debug|Any CPU
		{2D5AFD42-430A-45C7-8195-A5900C98E237}.Debug|Any CPU.Build.0 = Debug|Any CPU
		{2D5AFD42-430A-45C7-8195-A5900C98E237}.Debug|Any CPU.Deploy.0 = Debug|Any CPU
		{2D5AFD42-430A-45C7-8195-A5900C98E237}.Release|Any CPU.ActiveCfg = Release|Any CPU
		{2D5AFD42-430A-45C7-8195-A5900C98E237}.Release|Any CPU.Build.0 = Release|Any CPU
		{2D5AFD42-430A-45C7-8195-A5900C98E237}.Release|Any CPU.Deploy.0 = Release|Any CPU
		{4A76B6B9-EF1D-467E-948F-CD7B07AD4063}.Debug|Any CPU.ActiveCfg = Debug|Any CPU
		{4A76B6B9-EF1D-467E-948F-CD7B07AD4063}.Debug|Any CPU.Build.0 = Debug|Any CPU
		{4A76B6B9-EF1D-467E-948F-CD7B07AD4063}.Release|Any CPU.ActiveCfg = Release|Any CPU
		{4A76B6B9-EF1D-467E-948F-CD7B07AD4063}.Release|Any CPU.Build.0 = Release|Any CPU
	EndGlobalSection
	GlobalSection(SolutionProperties) = preSolution
		HideSolutionNode = FALSE
	EndGlobalSection
	GlobalSection(ExtensibilityGlobals) = postSolution
		SolutionGuid = {3334DFAF-0347-4CF0-A8EB-C2F0E979D937}
	EndGlobalSection
EndGlobal
